
Microsoft Visual Studio Solution File, Format Version 12.00
# Visual Studio 15
VisualStudioVersion = 15.0.28307.329
MinimumVisualStudioVersion = 10.0.40219.1
Project("{FAE04EC0-301F-11D3-BF4B-00C04F79EFBC}") = "AppraisalService", "AppraisalService\AppraisalService.csproj", "{C46D5E64-75B4-432D-9BB5-5C55CE9EA01D}"
EndProject
Global
	GlobalSection(SolutionConfigurationPlatforms) = preSolution
		Debug|Any CPU = Debug|Any CPU
		Release|Any CPU = Release|Any CPU
	EndGlobalSection
	GlobalSection(ProjectConfigurationPlatforms) = postSolution
		{C46D5E64-75B4-432D-9BB5-5C55CE9EA01D}.Debug|Any CPU.ActiveCfg = Debug|Any CPU
		{C46D5E64-75B4-432D-9BB5-5C55CE9EA01D}.Debug|Any CPU.Build.0 = Debug|Any CPU
		{C46D5E64-75B4-432D-9BB5-5C55CE9EA01D}.Release|Any CPU.ActiveCfg = Release|Any CPU
		{C46D5E64-75B4-432D-9BB5-5C55CE9EA01D}.Release|Any CPU.Build.0 = Release|Any CPU
	EndGlobalSection
	GlobalSection(SolutionProperties) = preSolution
		HideSolutionNode = FALSE
	EndGlobalSection
	GlobalSection(ExtensibilityGlobals) = postSolution
		SolutionGuid = {044A75F7-8CCB-4822-B5CD-F5FE44069C83}
	EndGlobalSection
EndGlobal
